
Microsoft Visual Studio Solution File, Format Version 12.00
# Visual Studio Version 17
VisualStudioVersion = 17.9.34728.123
MinimumVisualStudioVersion = 10.0.40219.1
Project("{9A19103F-16F7-4668-BE54-9A1E7A4F7556}") = "UCMaps", "UCMaps\UCMaps.csproj", "{482E01EC-C5C1-4017-9F80-3BEC110DDC99}"
EndProject
Project("{FAE04EC0-301F-11D3-BF4B-00C04F79EFBC}") = "UCMapsWeb", "UCMapsWeb\UCMapsWeb\UCMapsWeb.csproj", "{7C3C07E6-5101-4A11-9482-7265B5A8433A}"
EndProject
Project("{FAE04EC0-301F-11D3-BF4B-00C04F79EFBC}") = "UCMapsWeb.Client", "UCMapsWeb\UCMapsWeb.Client\UCMapsWeb.Client.csproj", "{07D3AEA9-2BF1-46B7-BCB7-ADD8309FFC01}"
EndProject
Project("{D954291E-2A0B-460D-934E-DC6B0785DB48}") = "UCMapsShared", "UCMapsShared\UCMapsShared.shproj", "{11FECB1A-AA96-43BD-9B59-6A4EE2CF0B93}"
EndProject
Global
	GlobalSection(SolutionConfigurationPlatforms) = preSolution
		Debug|Any CPU = Debug|Any CPU
		Release|Any CPU = Release|Any CPU
	EndGlobalSection
	GlobalSection(ProjectConfigurationPlatforms) = postSolution
		{482E01EC-C5C1-4017-9F80-3BEC110DDC99}.Debug|Any CPU.ActiveCfg = Debug|Any CPU
		{482E01EC-C5C1-4017-9F80-3BEC110DDC99}.Debug|Any CPU.Build.0 = Debug|Any CPU
		{482E01EC-C5C1-4017-9F80-3BEC110DDC99}.Debug|Any CPU.Deploy.0 = Debug|Any CPU
		{482E01EC-C5C1-4017-9F80-3BEC110DDC99}.Release|Any CPU.ActiveCfg = Release|Any CPU
		{482E01EC-C5C1-4017-9F80-3BEC110DDC99}.Release|Any CPU.Build.0 = Release|Any CPU
		{482E01EC-C5C1-4017-9F80-3BEC110DDC99}.Release|Any CPU.Deploy.0 = Release|Any CPU
		{7C3C07E6-5101-4A11-9482-7265B5A8433A}.Debug|Any CPU.ActiveCfg = Debug|Any CPU
		{7C3C07E6-5101-4A11-9482-7265B5A8433A}.Debug|Any CPU.Build.0 = Debug|Any CPU
		{7C3C07E6-5101-4A11-9482-7265B5A8433A}.Release|Any CPU.ActiveCfg = Release|Any CPU
		{7C3C07E6-5101-4A11-9482-7265B5A8433A}.Release|Any CPU.Build.0 = Release|Any CPU
		{07D3AEA9-2BF1-46B7-BCB7-ADD8309FFC01}.Debug|Any CPU.ActiveCfg = Debug|Any CPU
		{07D3AEA9-2BF1-46B7-BCB7-ADD8309FFC01}.Debug|Any CPU.Build.0 = Debug|Any CPU
		{07D3AEA9-2BF1-46B7-BCB7-ADD8309FFC01}.Release|Any CPU.ActiveCfg = Release|Any CPU
		{07D3AEA9-2BF1-46B7-BCB7-ADD8309FFC01}.Release|Any CPU.Build.0 = Release|Any CPU
	EndGlobalSection
	GlobalSection(SolutionProperties) = preSolution
		HideSolutionNode = FALSE
	EndGlobalSection
	GlobalSection(ExtensibilityGlobals) = postSolution
		SolutionGuid = {1B771F62-0F24-4E9E-9977-3E2D756D883D}
	EndGlobalSection
	GlobalSection(SharedMSBuildProjectFiles) = preSolution
		UCMapsShared\UCMapsShared.projitems*{07d3aea9-2bf1-46b7-bcb7-add8309ffc01}*SharedItemsImports = 5
		UCMapsShared\UCMapsShared.projitems*{11fecb1a-aa96-43bd-9b59-6a4ee2cf0b93}*SharedItemsImports = 13
		UCMapsShared\UCMapsShared.projitems*{7c3c07e6-5101-4a11-9482-7265b5a8433a}*SharedItemsImports = 5
	EndGlobalSection
EndGlobal
